Microsoft Visual Studio Solution File, Format Version 12.00
# Visual Studio Version 17
VisualStudioVersion = 17.5.2.0
MinimumVisualStudioVersion = 10.0.40219.1
Project("{FAE04EC0-301F-11D3-BF4B-00C04F79EFBC}") = "UNIHUBSEVICE", "UNIHUBSEVICE.csproj", "{4A167DC7-65CB-497A-8222-4F91B11EB87A}"
EndProject
Global
	GlobalSection(SolutionConfigurationPlatforms) = preSolution
		Debug|Any CPU = Debug|Any CPU
		Release|Any CPU = Release|Any CPU
	EndGlobalSection
	GlobalSection(ProjectConfigurationPlatforms) = postSolution
		{4A167DC7-65CB-497A-8222-4F91B11EB87A}.Debug|Any CPU.ActiveCfg = Debug|Any CPU
		{4A167DC7-65CB-497A-8222-4F91B11EB87A}.Debug|Any CPU.Build.0 = Debug|Any CPU
		{4A167DC7-65CB-497A-8222-4F91B11EB87A}.Release|Any CPU.ActiveCfg = Release|Any CPU
		{4A167DC7-65CB-497A-8222-4F91B11EB87A}.Release|Any CPU.Build.0 = Release|Any CPU
	EndGlobalSection
	GlobalSection(SolutionProperties) = preSolution
		HideSolutionNode = FALSE
	EndGlobalSection
	GlobalSection(ExtensibilityGlobals) = postSolution
		SolutionGuid = {7C99FB27-CA71-4A07-9D80-0D13560F37AB}
	EndGlobalSection
EndGlobal
